{
  "name": "virtualfactory",
  "version": "1.0.0",
  "lockfileVersion": 1,
  "requires": true,
  "dependencies": {
    "svg-blueprint": {
      "version": "1.0.1",
      "resolved": "https://registry.npmjs.org/svg-blueprint/-/svg-blueprint-1.0.1.tgz",
      "integrity": "sha512-v3zCv/XBXbwC8hXiUlAuoolkUxmC58mCJVeivxF1hb/fgUpvNRG26xdU+j3/++swi7adXOGOhRmP/No92DDEZw=="
    }
  }
}
